
Microsoft Visual Studio Solution File, Format Version 12.00
# Visual Studio Version 16
VisualStudioVersion = 25.0.1704.4
MinimumVisualStudioVersion = 10.0.40219.1
Project("{FAE04EC0-301F-11D3-BF4B-00C04F79EFBC}") = "WebApi", "WebApi.csproj", "{0A66E5D4-10CC-45F2-BDEA-C38B8681BDEF}"
EndProject
Global
	GlobalSection(SolutionConfigurationPlatforms) = preSolution
		Debug|Any CPU = Debug|Any CPU
		Release|Any CPU = Release|Any CPU
	EndGlobalSection
	GlobalSection(ProjectConfigurationPlatforms) = postSolution
		{0A66E5D4-10CC-45F2-BDEA-C38B8681BDEF}.Debug|Any CPU.ActiveCfg = Debug|Any CPU
		{0A66E5D4-10CC-45F2-BDEA-C38B8681BDEF}.Debug|Any CPU.Build.0 = Debug|Any CPU
		{0A66E5D4-10CC-45F2-BDEA-C38B8681BDEF}.Release|Any CPU.ActiveCfg = Release|Any CPU
		{0A66E5D4-10CC-45F2-BDEA-C38B8681BDEF}.Release|Any CPU.Build.0 = Release|Any CPU
	EndGlobalSection
	GlobalSection(SolutionProperties) = preSolution
		HideSolutionNode = FALSE
	EndGlobalSection
	GlobalSection(ExtensibilityGlobals) = postSolution
		SolutionGuid = {9E30175A-9796-4699-AE69-D72C5C0C7CBE}
	EndGlobalSection
EndGlobal
